
Microsoft Visual Studio Solution File, Format Version 12.00
# Visual Studio Version 16
VisualStudioVersion = 16.0.31005.135
MinimumVisualStudioVersion = 10.0.40219.1
Project("{FAE04EC0-301F-11D3-BF4B-00C04F79EFBC}") = "ComplexNumbers", "ComplexNumbers.csproj", "{C8FD8328-B990-4A0C-B24B-010193A3C7F2}"
EndProject
Global
	GlobalSection(SolutionConfigurationPlatforms) = preSolution
		Debug|Any CPU = Debug|Any CPU
		Release|Any CPU = Release|Any CPU
	EndGlobalSection
	GlobalSection(ProjectConfigurationPlatforms) = postSolution
		{C8FD8328-B990-4A0C-B24B-010193A3C7F2}.Debug|Any CPU.ActiveCfg = Debug|Any CPU
		{C8FD8328-B990-4A0C-B24B-010193A3C7F2}.Debug|Any CPU.Build.0 = Debug|Any CPU
		{C8FD8328-B990-4A0C-B24B-010193A3C7F2}.Release|Any CPU.ActiveCfg = Release|Any CPU
		{C8FD8328-B990-4A0C-B24B-010193A3C7F2}.Release|Any CPU.Build.0 = Release|Any CPU
	EndGlobalSection
	GlobalSection(SolutionProperties) = preSolution
		HideSolutionNode = FALSE
	EndGlobalSection
	GlobalSection(ExtensibilityGlobals) = postSolution
		SolutionGuid = {03640FB8-5C0D-462A-9DFC-2F7B0AE17F25}
	EndGlobalSection
EndGlobal
